
Microsoft Visual Studio Solution File, Format Version 12.00
# Visual Studio Version 17
VisualStudioVersion = 17.0.31903.59
MinimumVisualStudioVersion = 10.0.40219.1
Project("{2150E333-8FDC-42A3-9474-1A3956D46DE8}") = "src", "src", "{827E0CD3-B72D-47B6-A68D-7590B98EB39B}"
EndProject
Project("{FAE04EC0-301F-11D3-BF4B-00C04F79EFBC}") = "WinDayFlow.App", "src\WinDayFlow.App\WinDayFlow.App.csproj", "{96071601-9533-4774-A094-C3D3C5EF64A8}"
EndProject
Project("{FAE04EC0-301F-11D3-BF4B-00C04F79EFBC}") = "WinDayFlow.Application", "src\WinDayFlow.Application\WinDayFlow.Application.csproj", "{B3709408-CE69-463C-B920-7645CE337A16}"
EndProject
Project("{FAE04EC0-301F-11D3-BF4B-00C04F79EFBC}") = "WinDayFlow.Domain", "src\WinDayFlow.Domain\WinDayFlow.Domain.csproj", "{08DEF7CF-25D4-491B-97C5-AB09FA5BDA31}"
EndProject
Project("{FAE04EC0-301F-11D3-BF4B-00C04F79EFBC}") = "WinDayFlow.Capture.Interop", "src\WinDayFlow.Capture.Interop\WinDayFlow.Capture.Interop.csproj", "{C70681DC-EA89-4832-A100-B246D0131921}"
EndProject
Project("{FAE04EC0-301F-11D3-BF4B-00C04F79EFBC}") = "WinDayFlow.Composition", "src\WinDayFlow.Composition\WinDayFlow.Composition.csproj", "{4A855831-E1E7-4CA7-AE6C-47E03EA943B4}"
EndProject
Project("{FAE04EC0-301F-11D3-BF4B-00C04F79EFBC}") = "WinDayFlow.Infrastructure", "src\WinDayFlow.Infrastructure\WinDayFlow.Infrastructure.csproj", "{F39215E7-6DD8-4A2C-A503-D78731AFD98F}"
EndProject
Project("{FAE04EC0-301F-11D3-BF4B-00C04F79EFBC}") = "WinDayFlow.Presentation", "src\WinDayFlow.Presentation\WinDayFlow.Presentation.csproj", "{C379F5D2-90A6-45DB-8152-52B6502530AA}"
EndProject
Project("{2150E333-8FDC-42A3-9474-1A3956D46DE8}") = "tests", "tests", "{0AB3BF05-4346-4AA6-1389-037BE0695223}"
EndProject
Project("{FAE04EC0-301F-11D3-BF4B-00C04F79EFBC}") = "WinDayFlow.Application.Tests", "tests\WinDayFlow.Application.Tests\WinDayFlow.Application.Tests.csproj", "{48AB1A79-4131-4C2F-B2EF-FC33B6D1E070}"
EndProject
Project("{FAE04EC0-301F-11D3-BF4B-00C04F79EFBC}") = "WinDayFlow.Domain.Tests", "tests\WinDayFlow.Domain.Tests\WinDayFlow.Domain.Tests.csproj", "{56883DB7-FD31-42C7-BBD5-00C2835578CF}"
EndProject
Project("{FAE04EC0-301F-11D3-BF4B-00C04F79EFBC}") = "WinDayFlow.Infrastructure.Tests", "tests\WinDayFlow.Infrastructure.Tests\WinDayFlow.Infrastructure.Tests.csproj", "{3DC9ED72-FCAA-405B-A24B-963926DB8369}"
EndProject
Project("{FAE04EC0-301F-11D3-BF4B-00C04F79EFBC}") = "WinDayFlow.Presentation.Tests", "tests\WinDayFlow.Presentation.Tests\WinDayFlow.Presentation.Tests.csproj", "{0284AF27-92AF-4C7D-A93A-DD127CC694DE}"
EndProject
Global
	GlobalSection(SolutionConfigurationPlatforms) = preSolution
		Debug|Any CPU = Debug|Any CPU
		Debug|x64 = Debug|x64
		Debug|x86 = Debug|x86
		Release|Any CPU = Release|Any CPU
		Release|x64 = Release|x64
		Release|x86 = Release|x86
	EndGlobalSection
	GlobalSection(ProjectConfigurationPlatforms) = postSolution
		{96071601-9533-4774-A094-C3D3C5EF64A8}.Debug|Any CPU.ActiveCfg = Debug|x64
		{96071601-9533-4774-A094-C3D3C5EF64A8}.Debug|Any CPU.Build.0 = Debug|x64
		{96071601-9533-4774-A094-C3D3C5EF64A8}.Debug|x64.ActiveCfg = Debug|x64
		{96071601-9533-4774-A094-C3D3C5EF64A8}.Debug|x64.Build.0 = Debug|x64
		{96071601-9533-4774-A094-C3D3C5EF64A8}.Debug|x86.ActiveCfg = Debug|x64
		{96071601-9533-4774-A094-C3D3C5EF64A8}.Debug|x86.Build.0 = Debug|x64
		{96071601-9533-4774-A094-C3D3C5EF64A8}.Release|Any CPU.ActiveCfg = Release|x64
		{96071601-9533-4774-A094-C3D3C5EF64A8}.Release|Any CPU.Build.0 = Release|x64
		{96071601-9533-4774-A094-C3D3C5EF64A8}.Release|x64.ActiveCfg = Release|x64
		{96071601-9533-4774-A094-C3D3C5EF64A8}.Release|x64.Build.0 = Release|x64
		{96071601-9533-4774-A094-C3D3C5EF64A8}.Release|x86.ActiveCfg = Release|x64
		{96071601-9533-4774-A094-C3D3C5EF64A8}.Release|x86.Build.0 = Release|x64
		{B3709408-CE69-463C-B920-7645CE337A16}.Debug|Any CPU.ActiveCfg = Debug|x64
		{B3709408-CE69-463C-B920-7645CE337A16}.Debug|Any CPU.Build.0 = Debug|x64
		{B3709408-CE69-463C-B920-7645CE337A16}.Debug|x64.ActiveCfg = Debug|x64
		{B3709408-CE69-463C-B920-7645CE337A16}.Debug|x64.Build.0 = Debug|x64
		{B3709408-CE69-463C-B920-7645CE337A16}.Debug|x86.ActiveCfg = Debug|x64
		{B3709408-CE69-463C-B920-7645CE337A16}.Debug|x86.Build.0 = Debug|x64
		{B3709408-CE69-463C-B920-7645CE337A16}.Release|Any CPU.ActiveCfg = Release|x64
		{B3709408-CE69-463C-B920-7645CE337A16}.Release|Any CPU.Build.0 = Release|x64
		{B3709408-CE69-463C-B920-7645CE337A16}.Release|x64.ActiveCfg = Release|x64
		{B3709408-CE69-463C-B920-7645CE337A16}.Release|x64.Build.0 = Release|x64
		{B3709408-CE69-463C-B920-7645CE337A16}.Release|x86.ActiveCfg = Release|x64
		{B3709408-CE69-463C-B920-7645CE337A16}.Release|x86.Build.0 = Release|x64
		{08DEF7CF-25D4-491B-97C5-AB09FA5BDA31}.Debug|Any CPU.ActiveCfg = Debug|x64
		{08DEF7CF-25D4-491B-97C5-AB09FA5BDA31}.Debug|Any CPU.Build.0 = Debug|x64
		{08DEF7CF-25D4-491B-97C5-AB09FA5BDA31}.Debug|x64.ActiveCfg = Debug|x64
		{08DEF7CF-25D4-491B-97C5-AB09FA5BDA31}.Debug|x64.Build.0 = Debug|x64
		{08DEF7CF-25D4-491B-97C5-AB09FA5BDA31}.Debug|x86.ActiveCfg = Debug|x64
		{08DEF7CF-25D4-491B-97C5-AB09FA5BDA31}.Debug|x86.Build.0 = Debug|x64
		{08DEF7CF-25D4-491B-97C5-AB09FA5BDA31}.Release|Any CPU.ActiveCfg = Release|x64
		{08DEF7CF-25D4-491B-97C5-AB09FA5BDA31}.Release|Any CPU.Build.0 = Release|x64
		{08DEF7CF-25D4-491B-97C5-AB09FA5BDA31}.Release|x64.ActiveCfg = Release|x64
		{08DEF7CF-25D4-491B-97C5-AB09FA5BDA31}.Release|x64.Build.0 = Release|x64
		{08DEF7CF-25D4-491B-97C5-AB09FA5BDA31}.Release|x86.ActiveCfg = Release|x64
		{08DEF7CF-25D4-491B-97C5-AB09FA5BDA31}.Release|x86.Build.0 = Release|x64
		{C70681DC-EA89-4832-A100-B246D0131921}.Debug|Any CPU.ActiveCfg = Debug|x64
		{C70681DC-EA89-4832-A100-B246D0131921}.Debug|Any CPU.Build.0 = Debug|x64
		{C70681DC-EA89-4832-A100-B246D0131921}.Debug|x64.ActiveCfg = Debug|x64
		{C70681DC-EA89-4832-A100-B246D0131921}.Debug|x64.Build.0 = Debug|x64
		{C70681DC-EA89-4832-A100-B246D0131921}.Debug|x86.ActiveCfg = Debug|x64
		{C70681DC-EA89-4832-A100-B246D0131921}.Debug|x86.Build.0 = Debug|x64
		{C70681DC-EA89-4832-A100-B246D0131921}.Release|Any CPU.ActiveCfg = Release|x64
		{C70681DC-EA89-4832-A100-B246D0131921}.Release|Any CPU.Build.0 = Release|x64
		{C70681DC-EA89-4832-A100-B246D0131921}.Release|x64.ActiveCfg = Release|x64
		{C70681DC-EA89-4832-A100-B246D0131921}.Release|x64.Build.0 = Release|x64
		{C70681DC-EA89-4832-A100-B246D0131921}.Release|x86.ActiveCfg = Release|x64
		{C70681DC-EA89-4832-A100-B246D0131921}.Release|x86.Build.0 = Release|x64
		{4A855831-E1E7-4CA7-AE6C-47E03EA943B4}.Debug|Any CPU.ActiveCfg = Debug|x64
		{4A855831-E1E7-4CA7-AE6C-47E03EA943B4}.Debug|Any CPU.Build.0 = Debug|x64
		{4A855831-E1E7-4CA7-AE6C-47E03EA943B4}.Debug|x64.ActiveCfg = Debug|x64
		{4A855831-E1E7-4CA7-AE6C-47E03EA943B4}.Debug|x64.Build.0 = Debug|x64
		{4A855831-E1E7-4CA7-AE6C-47E03EA943B4}.Debug|x86.ActiveCfg = Debug|x64
		{4A855831-E1E7-4CA7-AE6C-47E03EA943B4}.Debug|x86.Build.0 = Debug|x64
		{4A855831-E1E7-4CA7-AE6C-47E03EA943B4}.Release|Any CPU.ActiveCfg = Release|x64
		{4A855831-E1E7-4CA7-AE6C-47E03EA943B4}.Release|Any CPU.Build.0 = Release|x64
		{4A855831-E1E7-4CA7-AE6C-47E03EA943B4}.Release|x64.ActiveCfg = Release|x64
		{4A855831-E1E7-4CA7-AE6C-47E03EA943B4}.Release|x64.Build.0 = Release|x64
		{4A855831-E1E7-4CA7-AE6C-47E03EA943B4}.Release|x86.ActiveCfg = Release|x64
		{4A855831-E1E7-4CA7-AE6C-47E03EA943B4}.Release|x86.Build.0 = Release|x64
		{F39215E7-6DD8-4A2C-A503-D78731AFD98F}.Debug|Any CPU.ActiveCfg = Debug|x64
		{F39215E7-6DD8-4A2C-A503-D78731AFD98F}.Debug|Any CPU.Build.0 = Debug|x64
		{F39215E7-6DD8-4A2C-A503-D78731AFD98F}.Debug|x64.ActiveCfg = Debug|x64
		{F39215E7-6DD8-4A2C-A503-D78731AFD98F}.Debug|x64.Build.0 = Debug|x64
		{F39215E7-6DD8-4A2C-A503-D78731AFD98F}.Debug|x86.ActiveCfg = Debug|x64
		{F39215E7-6DD8-4A2C-A503-D78731AFD98F}.Debug|x86.Build.0 = Debug|x64
		{F39215E7-6DD8-4A2C-A503-D78731AFD98F}.Release|Any CPU.ActiveCfg = Release|x64
		{F39215E7-6DD8-4A2C-A503-D78731AFD98F}.Release|Any CPU.Build.0 = Release|x64
		{F39215E7-6DD8-4A2C-A503-D78731AFD98F}.Release|x64.ActiveCfg = Release|x64
		{F39215E7-6DD8-4A2C-A503-D78731AFD98F}.Release|x64.Build.0 = Release|x64
		{F39215E7-6DD8-4A2C-A503-D78731AFD98F}.Release|x86.ActiveCfg = Release|x64
		{F39215E7-6DD8-4A2C-A503-D78731AFD98F}.Release|x86.Build.0 = Release|x64
		{C379F5D2-90A6-45DB-8152-52B6502530AA}.Debug|Any CPU.ActiveCfg = Debug|x64
		{C379F5D2-90A6-45DB-8152-52B6502530AA}.Debug|Any CPU.Build.0 = Debug|x64
		{C379F5D2-90A6-45DB-8152-52B6502530AA}.Debug|x64.ActiveCfg = Debug|x64
		{C379F5D2-90A6-45DB-8152-52B6502530AA}.Debug|x64.Build.0 = Debug|x64
		{C379F5D2-90A6-45DB-8152-52B6502530AA}.Debug|x86.ActiveCfg = Debug|x64
		{C379F5D2-90A6-45DB-8152-52B6502530AA}.Debug|x86.Build.0 = Debug|x64
		{C379F5D2-90A6-45DB-8152-52B6502530AA}.Release|Any CPU.ActiveCfg = Release|x64
		{C379F5D2-90A6-45DB-8152-52B6502530AA}.Release|Any CPU.Build.0 = Release|x64
		{C379F5D2-90A6-45DB-8152-52B6502530AA}.Release|x64.ActiveCfg = Release|x64
		{C379F5D2-90A6-45DB-8152-52B6502530AA}.Release|x64.Build.0 = Release|x64
		{C379F5D2-90A6-45DB-8152-52B6502530AA}.Release|x86.ActiveCfg = Release|x64
		{C379F5D2-90A6-45DB-8152-52B6502530AA}.Release|x86.Build.0 = Release|x64
		{48AB1A79-4131-4C2F-B2EF-FC33B6D1E070}.Debug|Any CPU.ActiveCfg = Debug|x64
		{48AB1A79-4131-4C2F-B2EF-FC33B6D1E070}.Debug|Any CPU.Build.0 = Debug|x64
		{48AB1A79-4131-4C2F-B2EF-FC33B6D1E070}.Debug|x64.ActiveCfg = Debug|x64
		{48AB1A79-4131-4C2F-B2EF-FC33B6D1E070}.Debug|x64.Build.0 = Debug|x64
		{48AB1A79-4131-4C2F-B2EF-FC33B6D1E070}.Debug|x86.ActiveCfg = Debug|x64
		{48AB1A79-4131-4C2F-B2EF-FC33B6D1E070}.Debug|x86.Build.0 = Debug|x64
		{48AB1A79-4131-4C2F-B2EF-FC33B6D1E070}.Release|Any CPU.ActiveCfg = Release|x64
		{48AB1A79-4131-4C2F-B2EF-FC33B6D1E070}.Release|Any CPU.Build.0 = Release|x64
		{48AB1A79-4131-4C2F-B2EF-FC33B6D1E070}.Release|x64.ActiveCfg = Release|x64
		{48AB1A79-4131-4C2F-B2EF-FC33B6D1E070}.Release|x64.Build.0 = Release|x64
		{48AB1A79-4131-4C2F-B2EF-FC33B6D1E070}.Release|x86.ActiveCfg = Release|x64
		{48AB1A79-4131-4C2F-B2EF-FC33B6D1E070}.Release|x86.Build.0 = Release|x64
		{56883DB7-FD31-42C7-BBD5-00C2835578CF}.Debug|Any CPU.ActiveCfg = Debug|x64
		{56883DB7-FD31-42C7-BBD5-00C2835578CF}.Debug|Any CPU.Build.0 = Debug|x64
		{56883DB7-FD31-42C7-BBD5-00C2835578CF}.Debug|x64.ActiveCfg = Debug|x64
		{56883DB7-FD31-42C7-BBD5-00C2835578CF}.Debug|x64.Build.0 = Debug|x64
		{56883DB7-FD31-42C7-BBD5-00C2835578CF}.Debug|x86.ActiveCfg = Debug|x64
		{56883DB7-FD31-42C7-BBD5-00C2835578CF}.Debug|x86.Build.0 = Debug|x64
		{56883DB7-FD31-42C7-BBD5-00C2835578CF}.Release|Any CPU.ActiveCfg = Release|x64
		{56883DB7-FD31-42C7-BBD5-00C2835578CF}.Release|Any CPU.Build.0 = Release|x64
		{56883DB7-FD31-42C7-BBD5-00C2835578CF}.Release|x64.ActiveCfg = Release|x64
		{56883DB7-FD31-42C7-BBD5-00C2835578CF}.Release|x64.Build.0 = Release|x64
		{56883DB7-FD31-42C7-BBD5-00C2835578CF}.Release|x86.ActiveCfg = Release|x64
		{56883DB7-FD31-42C7-BBD5-00C2835578CF}.Release|x86.Build.0 = Release|x64
		{3DC9ED72-FCAA-405B-A24B-963926DB8369}.Debug|Any CPU.ActiveCfg = Debug|x64
		{3DC9ED72-FCAA-405B-A24B-963926DB8369}.Debug|Any CPU.Build.0 = Debug|x64
		{3DC9ED72-FCAA-405B-A24B-963926DB8369}.Debug|x64.ActiveCfg = Debug|x64
		{3DC9ED72-FCAA-405B-A24B-963926DB8369}.Debug|x64.Build.0 = Debug|x64
		{3DC9ED72-FCAA-405B-A24B-963926DB8369}.Debug|x86.ActiveCfg = Debug|x64
		{3DC9ED72-FCAA-405B-A24B-963926DB8369}.Debug|x86.Build.0 = Debug|x64
		{3DC9ED72-FCAA-405B-A24B-963926DB8369}.Release|Any CPU.ActiveCfg = Release|x64
		{3DC9ED72-FCAA-405B-A24B-963926DB8369}.Release|Any CPU.Build.0 = Release|x64
		{3DC9ED72-FCAA-405B-A24B-963926DB8369}.Release|x64.ActiveCfg = Release|x64
		{3DC9ED72-FCAA-405B-A24B-963926DB8369}.Release|x64.Build.0 = Release|x64
		{3DC9ED72-FCAA-405B-A24B-963926DB8369}.Release|x86.ActiveCfg = Release|x64
		{3DC9ED72-FCAA-405B-A24B-963926DB8369}.Release|x86.Build.0 = Release|x64
		{0284AF27-92AF-4C7D-A93A-DD127CC694DE}.Debug|Any CPU.ActiveCfg = Debug|x64
		{0284AF27-92AF-4C7D-A93A-DD127CC694DE}.Debug|Any CPU.Build.0 = Debug|x64
		{0284AF27-92AF-4C7D-A93A-DD127CC694DE}.Debug|x64.ActiveCfg = Debug|x64
		{0284AF27-92AF-4C7D-A93A-DD127CC694DE}.Debug|x64.Build.0 = Debug|x64
		{0284AF27-92AF-4C7D-A93A-DD127CC694DE}.Debug|x86.ActiveCfg = Debug|x64
		{0284AF27-92AF-4C7D-A93A-DD127CC694DE}.Debug|x86.Build.0 = Debug|x64
		{0284AF27-92AF-4C7D-A93A-DD127CC694DE}.Release|Any CPU.ActiveCfg = Release|x64
		{0284AF27-92AF-4C7D-A93A-DD127CC694DE}.Release|Any CPU.Build.0 = Release|x64
		{0284AF27-92AF-4C7D-A93A-DD127CC694DE}.Release|x64.ActiveCfg = Release|x64
		{0284AF27-92AF-4C7D-A93A-DD127CC694DE}.Release|x64.Build.0 = Release|x64
		{0284AF27-92AF-4C7D-A93A-DD127CC694DE}.Release|x86.ActiveCfg = Release|x64
		{0284AF27-92AF-4C7D-A93A-DD127CC694DE}.Release|x86.Build.0 = Release|x64
	EndGlobalSection
	GlobalSection(SolutionProperties) = preSolution
		HideSolutionNode = FALSE
	EndGlobalSection
	GlobalSection(NestedProjects) = preSolution
		{96071601-9533-4774-A094-C3D3C5EF64A8} = {827E0CD3-B72D-47B6-A68D-7590B98EB39B}
		{B3709408-CE69-463C-B920-7645CE337A16} = {827E0CD3-B72D-47B6-A68D-7590B98EB39B}
		{08DEF7CF-25D4-491B-97C5-AB09FA5BDA31} = {827E0CD3-B72D-47B6-A68D-7590B98EB39B}
		{C70681DC-EA89-4832-A100-B246D0131921} = {827E0CD3-B72D-47B6-A68D-7590B98EB39B}
		{4A855831-E1E7-4CA7-AE6C-47E03EA943B4} = {827E0CD3-B72D-47B6-A68D-7590B98EB39B}
		{F39215E7-6DD8-4A2C-A503-D78731AFD98F} = {827E0CD3-B72D-47B6-A68D-7590B98EB39B}
		{C379F5D2-90A6-45DB-8152-52B6502530AA} = {827E0CD3-B72D-47B6-A68D-7590B98EB39B}
		{48AB1A79-4131-4C2F-B2EF-FC33B6D1E070} = {0AB3BF05-4346-4AA6-1389-037BE0695223}
		{56883DB7-FD31-42C7-BBD5-00C2835578CF} = {0AB3BF05-4346-4AA6-1389-037BE0695223}
		{3DC9ED72-FCAA-405B-A24B-963926DB8369} = {0AB3BF05-4346-4AA6-1389-037BE0695223}
		{0284AF27-92AF-4C7D-A93A-DD127CC694DE} = {0AB3BF05-4346-4AA6-1389-037BE0695223}
	EndGlobalSection
EndGlobal
